{
  "version": 4,
  "terraform_version": "1.1.8",
  "serial": 7,
  "lineage": "5a90f6fe-d61d-8b14-5088-4c18807f339b",
  "outputs": {},
  "resources": [
    {
      "mode": "managed",
      "type": "azurerm_resource_group",
      "name": "azurerm_rsg",
      "provider": "provider[\"registry.terraform.io/hashicorp/azurerm\"]",
      "instances": [
        {
          "schema_version": 0,
          "attributes": {
            "id": "/subscriptions/1b5f28cb-5b3c-419e-84d4-09403138d50c/resourceGroups/webappsrsg",
            "location": "eastus",
            "managed_by": "",
            "name": "webappsrsg",
            "tags": {
              "category": "salescat",
              "costcentre": "benz02334",
              "enviroment": "dev"
            },
            "timeouts": null
          },
          "sensitive_attributes": [],
          "private": "eyJlMmJmYjczMC1lY2FhLTExZTYtOGY4OC0zNDM2M2JjN2M0YzAiOnsiY3JlYXRlIjo1NDAwMDAwMDAwMDAwLCJkZWxldGUiOjU0MDAwMDAwMDAwMDAsInJlYWQiOjMwMDAwMDAwMDAwMCwidXBkYXRlIjo1NDAwMDAwMDAwMDAwfX0="
        }
      ]
    }
  ]
}
